
Microsoft Visual Studio Solution File, Format Version 12.00
# Visual Studio Version 17
VisualStudioVersion = 17.5.33516.290
MinimumVisualStudioVersion = 10.0.40219.1
Project("{8BC9CEB8-8B4A-11D0-8D11-00A0C91BC942}") = "MGSMCSandboxASI", "MGSMCSandboxASI\MGSMCSandboxASI.vcxproj", "{FBD15238-0BFB-4AA2-BD9F-3E14190A6238}"
EndProject
Global
	GlobalSection(SolutionConfigurationPlatforms) = preSolution
		Debug|x64 = Debug|x64
		Debug|x86 = Debug|x86
		Release|x64 = Release|x64
		Release|x86 = Release|x86
	EndGlobalSection
	GlobalSection(ProjectConfigurationPlatforms) = postSolution
		{FBD15238-0BFB-4AA2-BD9F-3E14190A6238}.Debug|x64.ActiveCfg = Debug|x64
		{FBD15238-0BFB-4AA2-BD9F-3E14190A6238}.Debug|x64.Build.0 = Debug|x64
		{FBD15238-0BFB-4AA2-BD9F-3E14190A6238}.Debug|x86.ActiveCfg = Debug|Win32
		{FBD15238-0BFB-4AA2-BD9F-3E14190A6238}.Debug|x86.Build.0 = Debug|Win32
		{FBD15238-0BFB-4AA2-BD9F-3E14190A6238}.Release|x64.ActiveCfg = Release|x64
		{FBD15238-0BFB-4AA2-BD9F-3E14190A6238}.Release|x64.Build.0 = Release|x64
		{FBD15238-0BFB-4AA2-BD9F-3E14190A6238}.Release|x86.ActiveCfg = Release|Win32
		{FBD15238-0BFB-4AA2-BD9F-3E14190A6238}.Release|x86.Build.0 = Release|Win32
	EndGlobalSection
	GlobalSection(SolutionProperties) = preSolution
		HideSolutionNode = FALSE
	EndGlobalSection
	GlobalSection(ExtensibilityGlobals) = postSolution
		SolutionGuid = {0D76844D-8ABC-4AD0-B302-F9CBDAC6D9F0}
	EndGlobalSection
EndGlobal
